github.com/dgrijalva/jwt-go v3.2.0+incompatible h1:7qlOGliEKZXTDg6OTjfoBKDXWrumCAMpl/TFQ4/5kLM=
github.com/dgrijalva/jwt-go v3.2.0+incompatible/go.mod h1:E3ru+11k8xSBh+hMPgOLZmtrrCbhqsmaPHjLKYnJCaQ=
github.com/mattn/go-sqlite3 v1.14.22 h1:2gZY6PC6kBnID23Tichd1K+Z0oS6nE/XwU+Vz/5o4kU=
github.com/mattn/go-sqlite3 v1.14.22/go.mod h1:Uh1q+B4BYcTPb+yiD3kU8Ct7aC0hY9fxUwlHK0RXw+Y=
github.com/paulfdunn/authJWT v1.0.15 h1:97MOMx+5nDFB1jR9keR2ab9zaZW/kXIZYLSxlPxEMZg=
github.com/paulfdunn/authJWT v1.0.15/go.mod h1:ywNltRCfTS/7i5Gnu7ZyYjgh5hKPvJ8uuEEDWGEgNs0=
github.com/paulfdunn/go-helper/databaseh v1.5.0 h1:nVr+VPImBYNRuQVbNM5ZllSsXlQ0Z8RVezjwwFnMf/s=
github.com/paulfdunn/go-helper/databaseh v1.5.0/go.mod h1:Kcr/FPKAXiUJCGgUykq/+TO2Fe8JTTBCrpu3GScSR3Q=
github.com/paulfdunn/go-helper/logh v1.5.0 h1:1WTuWxaeCwQzT/rvyr/pU9Ump73K22ILEXNHLGLJsSE=
github.com/paulfdunn/go-helper/logh v1.5.0/go.mod h1:kQ9ecllPxtj+ipymHiRZ1aKRQCjSQn/eoQlwy1hK4qQ=
github.com/paulfdunn/go-helper/neth v1.5.0 h1:Mx/DudjKJqGrdNZSG1MRWG8qicYTHfwDjLM3tUf+ctc=
github.com/paulfdunn/go-helper/neth v1.5.0/go.mod h1:OliyX2/eoaephbxaZUmqBUoL8VGVcMPmbpm9e9GxcUA=
github.com/paulfdunn/go-helper/osh v1.5.0 h1:1tlbnHq0wISk7HSBCvMSnE400SV9lBksazF/2XNWzIs=
github.com/paulfdunn/go-helper/osh v1.5.0/go.mod h1:vw9S4fgUY7NDcwyxy9O9xHdCVhk+VqgHQFiICEMsoxQ=
github.com/paulfdunn/rest-app/core v1.0.9 h1:CFyzijNl/iX1cAoL12sO+YvvfGx8tCk0Cr0CieEr+kk=
github.com/paulfdunn/rest-app/core v1.0.9/go.mod h1:/ZPt1JCJimEw312VDT2UdkN4K+6OIWR6fRNJe78Fpv8=
golang.org/x/crypto v0.21.0 h1:X31++rzVUdKhX5sWmSOFZxx8UW/ldWx55cbf08iNAMA=
golang.org/x/crypto v0.21.0/go.mod h1:0BP7YvVV9gBbVKyeTG0Gyn+gZm94bibOW5BjDEYAOMs=
