github.com/dgrijalva/jwt-go v3.2.0+incompatible h1:7qlOGliEKZXTDg6OTjfoBKDXWrumCAMpl/TFQ4/5kLM=
github.com/dgrijalva/jwt-go v3.2.0+incompatible/go.mod h1:E3ru+11k8xSBh+hMPgOLZmtrrCbhqsmaPHjLKYnJCaQ=
github.com/mattn/go-sqlite3 v1.14.22 h1:2gZY6PC6kBnID23Tichd1K+Z0oS6nE/XwU+Vz/5o4kU=
github.com/mattn/go-sqlite3 v1.14.22/go.mod h1:Uh1q+B4BYcTPb+yiD3kU8Ct7aC0hY9fxUwlHK0RXw+Y=
github.com/paulfdunn/authJWT v1.0.20 h1:o0Dwy6BgK+mRkon18SOZCXBM39gV6tH4z7tS2V0O/Ck=
github.com/paulfdunn/authJWT v1.0.20/go.mod h1:ywNltRCfTS/7i5Gnu7ZyYjgh5hKPvJ8uuEEDWGEgNs0=
github.com/paulfdunn/go-helper/databaseh v1.8.0 h1:9T8JpniM0wFHns0mcVOFun57KvxKydCDeRhQ3SiHKkY=
github.com/paulfdunn/go-helper/databaseh v1.8.0/go.mod h1:1viNEqSp2aH58moDwTH7F+8xBdX4To0bQvf9qRO0LRc=
github.com/paulfdunn/go-helper/logh v1.8.0 h1:R4NuPq0aYuG0JQFXbMJ1p1kX+I0s52wcdrcogbDj1KU=
github.com/paulfdunn/go-helper/logh v1.8.0/go.mod h1:kQ9ecllPxtj+ipymHiRZ1aKRQCjSQn/eoQlwy1hK4qQ=
github.com/paulfdunn/go-helper/neth v1.8.0 h1:e0kKaEkRI1rd2Z1qrurb5jJO2WDgyF/XwiZh+EyF8Ng=
github.com/paulfdunn/go-helper/neth v1.8.0/go.mod h1:19g0NjejnjOOGNesklPKRliDaKnUdPUwcmPEdfp9aTU=
github.com/paulfdunn/go-helper/osh v1.8.0 h1:lWmiHHaTW/Y7kXzr6ZygkUF6JZuRgCks2WBfKlsFg9w=
github.com/paulfdunn/go-helper/osh v1.8.0/go.mod h1:vw9S4fgUY7NDcwyxy9O9xHdCVhk+VqgHQFiICEMsoxQ=
github.com/paulfdunn/rest-app/core v1.0.9 h1:CFyzijNl/iX1cAoL12sO+YvvfGx8tCk0Cr0CieEr+kk=
github.com/paulfdunn/rest-app/core v1.0.9/go.mod h1:/ZPt1JCJimEw312VDT2UdkN4K+6OIWR6fRNJe78Fpv8=
golang.org/x/crypto v0.21.0 h1:X31++rzVUdKhX5sWmSOFZxx8UW/ldWx55cbf08iNAMA=
golang.org/x/crypto v0.21.0/go.mod h1:0BP7YvVV9gBbVKyeTG0Gyn+gZm94bibOW5BjDEYAOMs=
