github.com/dgrijalva/jwt-go v3.2.0+incompatible h1:7qlOGliEKZXTDg6OTjfoBKDXWrumCAMpl/TFQ4/5kLM=
github.com/dgrijalva/jwt-go v3.2.0+incompatible/go.mod h1:E3ru+11k8xSBh+hMPgOLZmtrrCbhqsmaPHjLKYnJCaQ=
github.com/mattn/go-sqlite3 v1.14.22 h1:2gZY6PC6kBnID23Tichd1K+Z0oS6nE/XwU+Vz/5o4kU=
github.com/mattn/go-sqlite3 v1.14.22/go.mod h1:Uh1q+B4BYcTPb+yiD3kU8Ct7aC0hY9fxUwlHK0RXw+Y=
github.com/paulfdunn/authjwt v1.3.0 h1:Yt2VzfrQExGXSDOvijQ8URidCDkB/VIjI4il+WYvfdw=
github.com/paulfdunn/authjwt v1.3.0/go.mod h1:+gpNptVPaZkCsSjutEP6DCjPEs6f1f07LA9+06XS2H4=
github.com/paulfdunn/go-helper/databaseh v1.8.3 h1:K3q4BTl3WLydX02jC9TANOg66IED9tFtNtcT1MTOXyA=
github.com/paulfdunn/go-helper/databaseh v1.8.3/go.mod h1:X7pkuYtVhi7fQEQKk3IVG4v48TUqN9HTZXMG9wkMuWM=
github.com/paulfdunn/go-helper/logh v1.8.3 h1:OliprqLG8ZufM5bs+Ts4IfAG/4ZLm7u+Npp1XBMPfv8=
github.com/paulfdunn/go-helper/logh v1.8.3/go.mod h1:kQ9ecllPxtj+ipymHiRZ1aKRQCjSQn/eoQlwy1hK4qQ=
github.com/paulfdunn/go-helper/neth v1.8.3 h1:SSYH7tPZqjau2kS9Vlg0P/MshnwORC4soJtLngRIy2w=
github.com/paulfdunn/go-helper/neth v1.8.3/go.mod h1:Pk3pV4oqnoHwBA/jbfTRm0eMYayUpsp8QLnqfwB+Xmo=
github.com/paulfdunn/go-helper/osh v1.8.3 h1:egbPEVSCOMWS7130+xzzpzTl3hqhatzxqA3M2AtSQas=
github.com/paulfdunn/go-helper/osh v1.8.3/go.mod h1:vw9S4fgUY7NDcwyxy9O9xHdCVhk+VqgHQFiICEMsoxQ=
golang.org/x/crypto v0.22.0 h1:g1v0xeRhjcugydODzvb3mEM9SQ0HGp9s/nh3COQ/C30=
golang.org/x/crypto v0.22.0/go.mod h1:vr6Su+7cTlO45qkww3VDJlzDn0ctJvRgYbC2NvXHt+M=
