github.com/dgrijalva/jwt-go v3.2.0+incompatible h1:7qlOGliEKZXTDg6OTjfoBKDXWrumCAMpl/TFQ4/5kLM=
github.com/dgrijalva/jwt-go v3.2.0+incompatible/go.mod h1:E3ru+11k8xSBh+hMPgOLZmtrrCbhqsmaPHjLKYnJCaQ=
github.com/mattn/go-sqlite3 v1.14.22 h1:2gZY6PC6kBnID23Tichd1K+Z0oS6nE/XwU+Vz/5o4kU=
github.com/mattn/go-sqlite3 v1.14.22/go.mod h1:Uh1q+B4BYcTPb+yiD3kU8Ct7aC0hY9fxUwlHK0RXw+Y=
github.com/paulfdunn/authJWT v1.0.7 h1:wBVsKl11jHCL+R7T6qPlm4Qq+o/0yURuqOWfsMP3ljg=
github.com/paulfdunn/authJWT v1.0.7/go.mod h1:eq1gC9s1g5YpMJCKSVHRdhxvGIxXs8cnxuAEZ24r70A=
github.com/paulfdunn/authJWT v1.0.10 h1:l0tbvyk02qGm4Gb0ULZ82pPU/r+NTbS/NzPXYuZXs54=
github.com/paulfdunn/authJWT v1.0.10/go.mod h1:ywNltRCfTS/7i5Gnu7ZyYjgh5hKPvJ8uuEEDWGEgNs0=
github.com/paulfdunn/authJWT v1.0.11 h1:JY0m7F6e6tVLDEZgGN2EFVB8YXK0uw6zcgG5V/0F4/U=
github.com/paulfdunn/authJWT v1.0.11/go.mod h1:ywNltRCfTS/7i5Gnu7ZyYjgh5hKPvJ8uuEEDWGEgNs0=
github.com/paulfdunn/authJWT v1.0.12 h1:/AiPsm6AxHNiUBCJTNZmlD/tnevw6arcWGGBA5bnFho=
github.com/paulfdunn/authJWT v1.0.12/go.mod h1:ywNltRCfTS/7i5Gnu7ZyYjgh5hKPvJ8uuEEDWGEgNs0=
github.com/paulfdunn/authJWT v1.0.13 h1:OSMvXTILoUvznAFFja05F4prwRDzzKgTHwIH/r6DlXo=
github.com/paulfdunn/authJWT v1.0.13/go.mod h1:ywNltRCfTS/7i5Gnu7ZyYjgh5hKPvJ8uuEEDWGEgNs0=
github.com/paulfdunn/authJWT v1.0.14 h1:acXrLd4dhCETGWh+ZME0dIg+Uq15z0cnWtYPEUAaHcU=
github.com/paulfdunn/authJWT v1.0.14/go.mod h1:ywNltRCfTS/7i5Gnu7ZyYjgh5hKPvJ8uuEEDWGEgNs0=
github.com/paulfdunn/authJWT v1.0.15 h1:97MOMx+5nDFB1jR9keR2ab9zaZW/kXIZYLSxlPxEMZg=
github.com/paulfdunn/authJWT v1.0.15/go.mod h1:ywNltRCfTS/7i5Gnu7ZyYjgh5hKPvJ8uuEEDWGEgNs0=
github.com/paulfdunn/authJWT v1.0.16 h1:MtpnbVB+0bIGqhM1eSlzHhXAVt2SvshG/8ARM5MDxsA=
github.com/paulfdunn/authJWT v1.0.16/go.mod h1:ywNltRCfTS/7i5Gnu7ZyYjgh5hKPvJ8uuEEDWGEgNs0=
github.com/paulfdunn/authJWT v1.0.17 h1:/cxwAYV3D7z3BFBAiQSavTMn/Ba23m+kPYkFiN57XGo=
github.com/paulfdunn/authJWT v1.0.17/go.mod h1:ywNltRCfTS/7i5Gnu7ZyYjgh5hKPvJ8uuEEDWGEgNs0=
github.com/paulfdunn/authJWT v1.0.20 h1:o0Dwy6BgK+mRkon18SOZCXBM39gV6tH4z7tS2V0O/Ck=
github.com/paulfdunn/authJWT v1.0.20/go.mod h1:ywNltRCfTS/7i5Gnu7ZyYjgh5hKPvJ8uuEEDWGEgNs0=
github.com/paulfdunn/go-helper/databaseh v1.0.7 h1:4m8gaaB+4WyosZ74JWDWcr4BwIiFPWzF/+M58X0jpIA=
github.com/paulfdunn/go-helper/databaseh v1.0.7/go.mod h1:06j/yIxuUbwhSUVNMLPoqJe/VRji1++rLI8fH4HrxZk=
github.com/paulfdunn/go-helper/databaseh v1.0.8 h1:o3BL+JaABLMm8+RqqrDc07tnvv4c6bRlfHsh00lpqIs=
github.com/paulfdunn/go-helper/databaseh v1.0.8/go.mod h1:atASADDIkX0xEB3PQ3rdOKnSliaRfftRZ+gk3yWtomY=
github.com/paulfdunn/go-helper/databaseh v1.4.7 h1:HW1ZzP1JnFi28G2Dsy3OyQpL9qZlFr7Rxx2Dofn30DA=
github.com/paulfdunn/go-helper/databaseh v1.4.7/go.mod h1:MJ6Gn4UJ9KVdeWibpVP1rO7co0/hpr+xQe0zcgcPfKE=
github.com/paulfdunn/go-helper/databaseh v1.4.8 h1:0UTZQnitM1lU6n7/nPYRwjqdzd6Mzz4PSezSGv+CDQs=
github.com/paulfdunn/go-helper/databaseh v1.4.8/go.mod h1:k3xDqQ3CgVOGDieA3Yl2q5b2h86ekt/Pcu+GuPXkn5M=
github.com/paulfdunn/go-helper/logh v1.0.7 h1:juGvtXPs6hCwkiY1bk435lZ4/r3sMB2xYfkcQnIUoHE=
github.com/paulfdunn/go-helper/logh v1.0.7/go.mod h1:PFr7lZL62H/g6c+3Ym7QJ2dIS8G7Awx+IhmqY1YQg+Q=
github.com/paulfdunn/go-helper/logh v1.0.8 h1:FVVhAnmBo8waiJqX2TmLuY1oGxIb5rDatVaWQREo8GE=
github.com/paulfdunn/go-helper/logh v1.0.8/go.mod h1:PFr7lZL62H/g6c+3Ym7QJ2dIS8G7Awx+IhmqY1YQg+Q=
github.com/paulfdunn/go-helper/logh v1.3.7 h1:Zp45aTmVLn4047TDR3Q3xKeKZjA9GqdsWVLLdROtYqQ=
github.com/paulfdunn/go-helper/logh v1.3.7/go.mod h1:kQ9ecllPxtj+ipymHiRZ1aKRQCjSQn/eoQlwy1hK4qQ=
github.com/paulfdunn/go-helper/logh v1.3.8 h1:Zy9OQ3hiT/93i0232YDwlgtM0ya1UvUamIAGCTo2o4k=
github.com/paulfdunn/go-helper/logh v1.3.8/go.mod h1:kQ9ecllPxtj+ipymHiRZ1aKRQCjSQn/eoQlwy1hK4qQ=
github.com/paulfdunn/go-helper/neth v1.0.10 h1:8hJV4qaPwQAhPEPjo/ytxOkJI+jL+LLWISWIhKW1CYM=
github.com/paulfdunn/go-helper/neth v1.0.10/go.mod h1:CegWcGcR+fkjVvOImUhTZDupj7PjZ7qckymGnWm29s0=
github.com/paulfdunn/go-helper/neth v1.4.7 h1:Y+sKOcQRXCbe0uuIqAW/u1D0Lan+nZehMPp1c8eblz0=
github.com/paulfdunn/go-helper/neth v1.4.7/go.mod h1:6opzfI7ndWJUAqkJaKdCqMFdM3F5h1wpOBx+gU9RnkE=
github.com/paulfdunn/go-helper/neth v1.4.8 h1:URXZF2RQoX09xsJAxsdxbo8kWMdC4MrCh9YH3SFhZYk=
github.com/paulfdunn/go-helper/neth v1.4.8/go.mod h1:vRDBUTkFjqtBQftsSKUQl6Qeswcgqb07o/2IjLqr0Fk=
github.com/paulfdunn/go-helper/osh v1.0.11 h1:MXUsuT4juL/7zj6pb4opzJv2jFBnN6c641AON7iBh3w=
github.com/paulfdunn/go-helper/osh v1.0.11/go.mod h1:fxQ/0oHwpkKqGOWu0rGRvWGFU2B7kiXq8Mux/1E2LXE=
github.com/paulfdunn/go-helper/osh v1.3.7 h1:lKfKpUVtfgC6Ip6O1WHjl13+ZPDYJHJNoTYGc291UrA=
github.com/paulfdunn/go-helper/osh v1.3.7/go.mod h1:vw9S4fgUY7NDcwyxy9O9xHdCVhk+VqgHQFiICEMsoxQ=
github.com/paulfdunn/go-helper/osh v1.3.8 h1:reNJ4XzoIv6E8X+yvFHO2vZpefGcLlSkeoku9DlYmEA=
github.com/paulfdunn/go-helper/osh v1.3.8/go.mod h1:vw9S4fgUY7NDcwyxy9O9xHdCVhk+VqgHQFiICEMsoxQ=
golang.org/x/crypto v0.21.0 h1:X31++rzVUdKhX5sWmSOFZxx8UW/ldWx55cbf08iNAMA=
golang.org/x/crypto v0.21.0/go.mod h1:0BP7YvVV9gBbVKyeTG0Gyn+gZm94bibOW5BjDEYAOMs=
