github.com/dgrijalva/jwt-go v3.2.0+incompatible h1:7qlOGliEKZXTDg6OTjfoBKDXWrumCAMpl/TFQ4/5kLM=
github.com/dgrijalva/jwt-go v3.2.0+incompatible/go.mod h1:E3ru+11k8xSBh+hMPgOLZmtrrCbhqsmaPHjLKYnJCaQ=
github.com/mattn/go-sqlite3 v1.14.22 h1:2gZY6PC6kBnID23Tichd1K+Z0oS6nE/XwU+Vz/5o4kU=
github.com/mattn/go-sqlite3 v1.14.22/go.mod h1:Uh1q+B4BYcTPb+yiD3kU8Ct7aC0hY9fxUwlHK0RXw+Y=
github.com/paulfdunn/authJWT v1.0.3 h1:kxa1bLU2hldrhju+KUbgPgMU2uWfezlm9WDpD4PhAiQ=
github.com/paulfdunn/authJWT v1.0.3/go.mod h1:fW58LzEeGCoT+FjMEfH3zI3GhlPAEiaO+k/NxxZqJ3I=
github.com/paulfdunn/go-helper/databaseh v1.0.7 h1:4m8gaaB+4WyosZ74JWDWcr4BwIiFPWzF/+M58X0jpIA=
github.com/paulfdunn/go-helper/databaseh v1.0.7/go.mod h1:06j/yIxuUbwhSUVNMLPoqJe/VRji1++rLI8fH4HrxZk=
github.com/paulfdunn/go-helper/logh v1.0.7 h1:juGvtXPs6hCwkiY1bk435lZ4/r3sMB2xYfkcQnIUoHE=
github.com/paulfdunn/go-helper/logh v1.0.7/go.mod h1:PFr7lZL62H/g6c+3Ym7QJ2dIS8G7Awx+IhmqY1YQg+Q=
github.com/paulfdunn/go-helper/neth v1.0.7 h1:3ayGOfpiQp7FZKXl3hQOxItUMqQf8MENsDcAbIDhAIU=
github.com/paulfdunn/go-helper/neth v1.0.7/go.mod h1:k5RiNPivD8NqTM1N8GlegZsI3UEboIkg1ogjT0/pGG4=
github.com/paulfdunn/go-helper/osh v1.0.10 h1:OM5Pph0OZmBckAeRhTOtaB0YMENo9LbAUwsLc2C7DZk=
github.com/paulfdunn/go-helper/osh v1.0.10/go.mod h1:fxQ/0oHwpkKqGOWu0rGRvWGFU2B7kiXq8Mux/1E2LXE=
github.com/paulfdunn/rest-app/core/config v0.0.0-20240316221305-8cf0b6c1fac5 h1:wtqcX3Z1cYy4yb33iD35d1YmM5yJc0e7cKkeQ6OGy6k=
github.com/paulfdunn/rest-app/core/config v0.0.0-20240316221305-8cf0b6c1fac5/go.mod h1:9mjy1fCACD3+W8IYoEfY4xbr6eW95Hi5BY4h7DRlWpg=
golang.org/x/crypto v0.21.0 h1:X31++rzVUdKhX5sWmSOFZxx8UW/ldWx55cbf08iNAMA=
golang.org/x/crypto v0.21.0/go.mod h1:0BP7YvVV9gBbVKyeTG0Gyn+gZm94bibOW5BjDEYAOMs=
