github.com/dgrijalva/jwt-go v3.2.0+incompatible h1:7qlOGliEKZXTDg6OTjfoBKDXWrumCAMpl/TFQ4/5kLM=
github.com/dgrijalva/jwt-go v3.2.0+incompatible/go.mod h1:E3ru+11k8xSBh+hMPgOLZmtrrCbhqsmaPHjLKYnJCaQ=
github.com/google/uuid v1.6.0 h1:NIvaJDMOsjHA8n1jAhLSgzrAzy1Hgr+hNrb57e+94F0=
github.com/google/uuid v1.6.0/go.mod h1:TIyPZe4MgqvfeYDBFedMoGGpEw/LqOeaOT+nhxU+yHo=
github.com/mattn/go-sqlite3 v1.14.22 h1:2gZY6PC6kBnID23Tichd1K+Z0oS6nE/XwU+Vz/5o4kU=
github.com/mattn/go-sqlite3 v1.14.22/go.mod h1:Uh1q+B4BYcTPb+yiD3kU8Ct7aC0hY9fxUwlHK0RXw+Y=
github.com/paulfdunn/authJWT v1.0.15 h1:97MOMx+5nDFB1jR9keR2ab9zaZW/kXIZYLSxlPxEMZg=
github.com/paulfdunn/authJWT v1.0.15/go.mod h1:ywNltRCfTS/7i5Gnu7ZyYjgh5hKPvJ8uuEEDWGEgNs0=
github.com/paulfdunn/go-helper/databaseh v1.4.7 h1:HW1ZzP1JnFi28G2Dsy3OyQpL9qZlFr7Rxx2Dofn30DA=
github.com/paulfdunn/go-helper/databaseh v1.4.7/go.mod h1:MJ6Gn4UJ9KVdeWibpVP1rO7co0/hpr+xQe0zcgcPfKE=
github.com/paulfdunn/go-helper/logh v1.3.7 h1:Zp45aTmVLn4047TDR3Q3xKeKZjA9GqdsWVLLdROtYqQ=
github.com/paulfdunn/go-helper/logh v1.3.7/go.mod h1:kQ9ecllPxtj+ipymHiRZ1aKRQCjSQn/eoQlwy1hK4qQ=
github.com/paulfdunn/go-helper/neth v1.4.7 h1:Y+sKOcQRXCbe0uuIqAW/u1D0Lan+nZehMPp1c8eblz0=
github.com/paulfdunn/go-helper/neth v1.4.7/go.mod h1:6opzfI7ndWJUAqkJaKdCqMFdM3F5h1wpOBx+gU9RnkE=
github.com/paulfdunn/go-helper/osh v1.3.7 h1:lKfKpUVtfgC6Ip6O1WHjl13+ZPDYJHJNoTYGc291UrA=
github.com/paulfdunn/go-helper/osh v1.3.7/go.mod h1:vw9S4fgUY7NDcwyxy9O9xHdCVhk+VqgHQFiICEMsoxQ=
github.com/paulfdunn/rest-app/core v1.0.9 h1:CFyzijNl/iX1cAoL12sO+YvvfGx8tCk0Cr0CieEr+kk=
github.com/paulfdunn/rest-app/core v1.0.9/go.mod h1:/ZPt1JCJimEw312VDT2UdkN4K+6OIWR6fRNJe78Fpv8=
golang.org/x/crypto v0.21.0 h1:X31++rzVUdKhX5sWmSOFZxx8UW/ldWx55cbf08iNAMA=
golang.org/x/crypto v0.21.0/go.mod h1:0BP7YvVV9gBbVKyeTG0Gyn+gZm94bibOW5BjDEYAOMs=
