github.com/dgrijalva/jwt-go v3.2.0+incompatible h1:7qlOGliEKZXTDg6OTjfoBKDXWrumCAMpl/TFQ4/5kLM=
github.com/dgrijalva/jwt-go v3.2.0+incompatible/go.mod h1:E3ru+11k8xSBh+hMPgOLZmtrrCbhqsmaPHjLKYnJCaQ=
github.com/google/uuid v1.6.0 h1:NIvaJDMOsjHA8n1jAhLSgzrAzy1Hgr+hNrb57e+94F0=
github.com/google/uuid v1.6.0/go.mod h1:TIyPZe4MgqvfeYDBFedMoGGpEw/LqOeaOT+nhxU+yHo=
github.com/mattn/go-sqlite3 v1.14.22 h1:2gZY6PC6kBnID23Tichd1K+Z0oS6nE/XwU+Vz/5o4kU=
github.com/mattn/go-sqlite3 v1.14.22/go.mod h1:Uh1q+B4BYcTPb+yiD3kU8Ct7aC0hY9fxUwlHK0RXw+Y=
github.com/paulfdunn/authJWT v1.0.15 h1:97MOMx+5nDFB1jR9keR2ab9zaZW/kXIZYLSxlPxEMZg=
github.com/paulfdunn/authJWT v1.0.15/go.mod h1:ywNltRCfTS/7i5Gnu7ZyYjgh5hKPvJ8uuEEDWGEgNs0=
github.com/paulfdunn/go-helper/databaseh v1.4.14 h1:Ah0081PFOifPUDBWsuSyAIZZXTKKjQgQps1/eT8FhFQ=
github.com/paulfdunn/go-helper/databaseh v1.4.14/go.mod h1:7iRHt69AuUrG/kJEUdpVytbky4PtIr+hpsZSujcZdUg=
github.com/paulfdunn/go-helper/logh v1.3.14 h1:w8g5yc1INRXNpCRwV9cUG9X1AEM7k3wC/OglC3sPpTk=
github.com/paulfdunn/go-helper/logh v1.3.14/go.mod h1:kQ9ecllPxtj+ipymHiRZ1aKRQCjSQn/eoQlwy1hK4qQ=
github.com/paulfdunn/go-helper/neth v1.4.14 h1:eDlUOcV+UCr/E3YIJzoP9w8Q4Y6f91Ukkp4VnGX97KU=
github.com/paulfdunn/go-helper/neth v1.4.14/go.mod h1:KAbHRGelo1RVk2JofEyB69G8g8S9fBbs7P+rB98VqrA=
github.com/paulfdunn/rest-app/core v1.0.9 h1:CFyzijNl/iX1cAoL12sO+YvvfGx8tCk0Cr0CieEr+kk=
github.com/paulfdunn/rest-app/core v1.0.9/go.mod h1:/ZPt1JCJimEw312VDT2UdkN4K+6OIWR6fRNJe78Fpv8=
golang.org/x/crypto v0.21.0 h1:X31++rzVUdKhX5sWmSOFZxx8UW/ldWx55cbf08iNAMA=
golang.org/x/crypto v0.21.0/go.mod h1:0BP7YvVV9gBbVKyeTG0Gyn+gZm94bibOW5BjDEYAOMs=
